
Microsoft Visual Studio Solution File, Format Version 12.00
# Visual Studio Version 17
VisualStudioVersion = 17.0.31903.59
MinimumVisualStudioVersion = 10.0.40219.1
Project("{FAE04EC0-301F-11D3-BF4B-00C04F79EFBC}") = "CodeGraph", "CodeGraph\CodeGraph.csproj", "{3DCC0154-22D9-4A84-AB4E-5E85526CAC43}"
EndProject
Project("{FAE04EC0-301F-11D3-BF4B-00C04F79EFBC}") = "CodeGraph.Domain", "CodeGraph.Domain\CodeGraph.Domain.csproj", "{CFFE2396-27E4-4B6D-9D87-40CAD37E3B9B}"
EndProject
Project("{FAE04EC0-301F-11D3-BF4B-00C04F79EFBC}") = "CodeGraph.Domain.Dotnet.Tests", "CodeGraph.Domain.Dotnet.Tests\CodeGraph.Domain.Dotnet.Tests.csproj", "{FF530E09-5626-472D-80A4-AF9D747E6E79}"
EndProject
Project("{FAE04EC0-301F-11D3-BF4B-00C04F79EFBC}") = "CodeGraph.Domain.Graph", "CodeGraph.Domain.Graph\CodeGraph.Domain.Graph.csproj", "{C8843018-9842-472C-AF9D-926ADA370328}"
EndProject
Project("{FAE04EC0-301F-11D3-BF4B-00C04F79EFBC}") = "CodeGraph.Domain.Dotnet", "CodeGraph.Domain.Dotnet\CodeGraph.Domain.Dotnet.csproj", "{CBD3235D-DD4D-4A01-8DDF-17BD26FF670F}"
EndProject
Project("{FAE04EC0-301F-11D3-BF4B-00C04F79EFBC}") = "CodeGraph.Domain.Common", "CodeGraph.Domain.Common\CodeGraph.Domain.Common.csproj", "{F1B1C2A2-AAD4-4FDF-8EB0-1A4AE5BA8D35}"
EndProject
Project("{FAE04EC0-301F-11D3-BF4B-00C04F79EFBC}") = "CodeGraph.Api", "CodeGraph.Api\CodeGraph.Api.csproj", "{7849FB93-E981-4034-9EEB-B47DAF53B931}"
EndProject
Global
	GlobalSection(SolutionConfigurationPlatforms) = preSolution
		Debug|Any CPU = Debug|Any CPU
		Release|Any CPU = Release|Any CPU
	EndGlobalSection
	GlobalSection(SolutionProperties) = preSolution
		HideSolutionNode = FALSE
	EndGlobalSection
	GlobalSection(ProjectConfigurationPlatforms) = postSolution
		{3DCC0154-22D9-4A84-AB4E-5E85526CAC43}.Debug|Any CPU.ActiveCfg = Debug|Any CPU
		{3DCC0154-22D9-4A84-AB4E-5E85526CAC43}.Debug|Any CPU.Build.0 = Debug|Any CPU
		{3DCC0154-22D9-4A84-AB4E-5E85526CAC43}.Release|Any CPU.ActiveCfg = Release|Any CPU
		{3DCC0154-22D9-4A84-AB4E-5E85526CAC43}.Release|Any CPU.Build.0 = Release|Any CPU
		{CFFE2396-27E4-4B6D-9D87-40CAD37E3B9B}.Debug|Any CPU.ActiveCfg = Debug|Any CPU
		{CFFE2396-27E4-4B6D-9D87-40CAD37E3B9B}.Debug|Any CPU.Build.0 = Debug|Any CPU
		{CFFE2396-27E4-4B6D-9D87-40CAD37E3B9B}.Release|Any CPU.ActiveCfg = Release|Any CPU
		{CFFE2396-27E4-4B6D-9D87-40CAD37E3B9B}.Release|Any CPU.Build.0 = Release|Any CPU
		{FF530E09-5626-472D-80A4-AF9D747E6E79}.Debug|Any CPU.ActiveCfg = Debug|Any CPU
		{FF530E09-5626-472D-80A4-AF9D747E6E79}.Debug|Any CPU.Build.0 = Debug|Any CPU
		{FF530E09-5626-472D-80A4-AF9D747E6E79}.Release|Any CPU.ActiveCfg = Release|Any CPU
		{FF530E09-5626-472D-80A4-AF9D747E6E79}.Release|Any CPU.Build.0 = Release|Any CPU
		{C8843018-9842-472C-AF9D-926ADA370328}.Debug|Any CPU.ActiveCfg = Debug|Any CPU
		{C8843018-9842-472C-AF9D-926ADA370328}.Debug|Any CPU.Build.0 = Debug|Any CPU
		{C8843018-9842-472C-AF9D-926ADA370328}.Release|Any CPU.ActiveCfg = Release|Any CPU
		{C8843018-9842-472C-AF9D-926ADA370328}.Release|Any CPU.Build.0 = Release|Any CPU
		{CBD3235D-DD4D-4A01-8DDF-17BD26FF670F}.Debug|Any CPU.ActiveCfg = Debug|Any CPU
		{CBD3235D-DD4D-4A01-8DDF-17BD26FF670F}.Debug|Any CPU.Build.0 = Debug|Any CPU
		{CBD3235D-DD4D-4A01-8DDF-17BD26FF670F}.Release|Any CPU.ActiveCfg = Release|Any CPU
		{CBD3235D-DD4D-4A01-8DDF-17BD26FF670F}.Release|Any CPU.Build.0 = Release|Any CPU
		{F1B1C2A2-AAD4-4FDF-8EB0-1A4AE5BA8D35}.Debug|Any CPU.ActiveCfg = Debug|Any CPU
		{F1B1C2A2-AAD4-4FDF-8EB0-1A4AE5BA8D35}.Debug|Any CPU.Build.0 = Debug|Any CPU
		{F1B1C2A2-AAD4-4FDF-8EB0-1A4AE5BA8D35}.Release|Any CPU.ActiveCfg = Release|Any CPU
		{F1B1C2A2-AAD4-4FDF-8EB0-1A4AE5BA8D35}.Release|Any CPU.Build.0 = Release|Any CPU
		{7849FB93-E981-4034-9EEB-B47DAF53B931}.Debug|Any CPU.ActiveCfg = Debug|Any CPU
		{7849FB93-E981-4034-9EEB-B47DAF53B931}.Debug|Any CPU.Build.0 = Debug|Any CPU
		{7849FB93-E981-4034-9EEB-B47DAF53B931}.Release|Any CPU.ActiveCfg = Release|Any CPU
		{7849FB93-E981-4034-9EEB-B47DAF53B931}.Release|Any CPU.Build.0 = Release|Any CPU
	EndGlobalSection
EndGlobal
